
Microsoft Visual Studio Solution File, Format Version 12.00
# Visual Studio 15
VisualStudioVersion = 15.0.26730.16
MinimumVisualStudioVersion = 10.0.40219.1
Project("{9A19103F-16F7-4668-BE54-9A1E7A4F7556}") = "NetCore2", "NetCore2\NetCore2.csproj", "{CCCA45B4-47CC-4BD2-9973-304ECDC99B06}"
EndProject
Project("{9A19103F-16F7-4668-BE54-9A1E7A4F7556}") = "NetCore11", "NetCore11\NetCore11.csproj", "{70CE6375-31EE-4219-A4EA-2D558CC914C7}"
EndProject
Project("{FAE04EC0-301F-11D3-BF4B-00C04F79EFBC}") = "NetFw", "NetFw\NetFw.csproj", "{D9D94ABA-626D-4175-BF1B-33972C5FAA9F}"
EndProject
Global
	GlobalSection(SolutionConfigurationPlatforms) = preSolution
		Debug|Any CPU = Debug|Any CPU
		Release|Any CPU = Release|Any CPU
	EndGlobalSection
	GlobalSection(ProjectConfigurationPlatforms) = postSolution
		{CCCA45B4-47CC-4BD2-9973-304ECDC99B06}.Debug|Any CPU.ActiveCfg = Debug|Any CPU
		{CCCA45B4-47CC-4BD2-9973-304ECDC99B06}.Debug|Any CPU.Build.0 = Debug|Any CPU
		{CCCA45B4-47CC-4BD2-9973-304ECDC99B06}.Release|Any CPU.ActiveCfg = Release|Any CPU
		{CCCA45B4-47CC-4BD2-9973-304ECDC99B06}.Release|Any CPU.Build.0 = Release|Any CPU
		{70CE6375-31EE-4219-A4EA-2D558CC914C7}.Debug|Any CPU.ActiveCfg = Debug|Any CPU
		{70CE6375-31EE-4219-A4EA-2D558CC914C7}.Debug|Any CPU.Build.0 = Debug|Any CPU
		{70CE6375-31EE-4219-A4EA-2D558CC914C7}.Release|Any CPU.ActiveCfg = Release|Any CPU
		{70CE6375-31EE-4219-A4EA-2D558CC914C7}.Release|Any CPU.Build.0 = Release|Any CPU
		{D9D94ABA-626D-4175-BF1B-33972C5FAA9F}.Debug|Any CPU.ActiveCfg = Debug|Any CPU
		{D9D94ABA-626D-4175-BF1B-33972C5FAA9F}.Debug|Any CPU.Build.0 = Debug|Any CPU
		{D9D94ABA-626D-4175-BF1B-33972C5FAA9F}.Release|Any CPU.ActiveCfg = Release|Any CPU
		{D9D94ABA-626D-4175-BF1B-33972C5FAA9F}.Release|Any CPU.Build.0 = Release|Any CPU
	EndGlobalSection
	GlobalSection(SolutionProperties) = preSolution
		HideSolutionNode = FALSE
	EndGlobalSection
	GlobalSection(ExtensibilityGlobals) = postSolution
		SolutionGuid = {FA6D8462-C10B-4AF3-8AA0-5E38FAA9BF31}
	EndGlobalSection
EndGlobal
